
Microsoft Visual Studio Solution File, Format Version 12.00
# Visual Studio Version 17
VisualStudioVersion = 17.8.34525.116
MinimumVisualStudioVersion = 10.0.40219.1
Project("{2150E333-8FDC-42A3-9474-1A3956D46DE8}") = "Frontend", "Frontend", "{76ADEF43-866F-4DDF-9DDD-DEDF202690E0}"
EndProject
Project("{2150E333-8FDC-42A3-9474-1A3956D46DE8}") = "Services", "Services", "{39774952-0E5A-45A8-972B-C6A5C3B9D2DD}"
EndProject
Project("{2150E333-8FDC-42A3-9474-1A3956D46DE8}") = "Integration", "Integration", "{8F159767-8735-4997-9796-61E37BE3B0C2}"
EndProject
Project("{2150E333-8FDC-42A3-9474-1A3956D46DE8}") = "Gateway", "Gateway", "{BD8DF8C9-91D8-4B5E-BFC1-A16AB02322F3}"
EndProject
Project("{FAE04EC0-301F-11D3-BF4B-00C04F79EFBC}") = "ClassroomManagerAPI", "ClassroomManagerAPI\ClassroomManagerAPI.csproj", "{EAE488BE-845D-449B-98B6-5459ECCBD993}"
EndProject
Global
	GlobalSection(SolutionConfigurationPlatforms) = preSolution
		Debug|Any CPU = Debug|Any CPU
		Release|Any CPU = Release|Any CPU
	EndGlobalSection
	GlobalSection(ProjectConfigurationPlatforms) = postSolution
		{EAE488BE-845D-449B-98B6-5459ECCBD993}.Debug|Any CPU.ActiveCfg = Debug|Any CPU
		{EAE488BE-845D-449B-98B6-5459ECCBD993}.Debug|Any CPU.Build.0 = Debug|Any CPU
		{EAE488BE-845D-449B-98B6-5459ECCBD993}.Release|Any CPU.ActiveCfg = Release|Any CPU
		{EAE488BE-845D-449B-98B6-5459ECCBD993}.Release|Any CPU.Build.0 = Release|Any CPU
	EndGlobalSection
	GlobalSection(SolutionProperties) = preSolution
		HideSolutionNode = FALSE
	EndGlobalSection
	GlobalSection(ExtensibilityGlobals) = postSolution
		SolutionGuid = {E2450C2E-6E57-4266-8C2F-AEFA1EC669CD}
	EndGlobalSection
EndGlobal
